
Microsoft Visual Studio Solution File, Format Version 12.00
# Visual Studio Version 16
VisualStudioVersion = 25.0.1704.0
MinimumVisualStudioVersion = 10.0.40219.1
Project("{FAE04EC0-301F-11D3-BF4B-00C04F79EFBC}") = "AsyncInn", "AsyncInn\AsyncInn.csproj", "{DD6F5B91-D6C6-4BF0-A089-D439F65AAFC5}"
EndProject
Global
	GlobalSection(SolutionConfigurationPlatforms) = preSolution
		Debug|Any CPU = Debug|Any CPU
		Release|Any CPU = Release|Any CPU
	EndGlobalSection
	GlobalSection(ProjectConfigurationPlatforms) = postSolution
		{DD6F5B91-D6C6-4BF0-A089-D439F65AAFC5}.Debug|Any CPU.ActiveCfg = Debug|Any CPU
		{DD6F5B91-D6C6-4BF0-A089-D439F65AAFC5}.Debug|Any CPU.Build.0 = Debug|Any CPU
		{DD6F5B91-D6C6-4BF0-A089-D439F65AAFC5}.Release|Any CPU.ActiveCfg = Release|Any CPU
		{DD6F5B91-D6C6-4BF0-A089-D439F65AAFC5}.Release|Any CPU.Build.0 = Release|Any CPU
	EndGlobalSection
	GlobalSection(SolutionProperties) = preSolution
		HideSolutionNode = FALSE
	EndGlobalSection
	GlobalSection(ExtensibilityGlobals) = postSolution
		SolutionGuid = {E95CF95F-260C-42B7-8F27-9B9A33A5C3BB}
	EndGlobalSection
EndGlobal
